// !$*UTF8*$!
{
	archiveVersion = 1;
	classes = {
	};
	objectVersion = 56;
	objects = {

/* Begin PBXBuildFile section */
		3C0F4EA529F5143600E0BA27 /* Shapes.swift in Sources */ = {isa = PBXBuildFile; fileRef = 3C0F4EA429F5143600E0BA27 /* Shapes.swift */; };
		3C0F4EA729F51EC800E0BA27 /* Colors.swift in Sources */ = {isa = PBXBuildFile; fileRef = 3C0F4EA629F51EC800E0BA27 /* Colors.swift */; };
		3C198D4029239A9600FBC5BF /* MYSwiftUiApp.swift in Sources */ = {isa = PBXBuildFile; fileRef = 3C198D3F29239A9600FBC5BF /* MYSwiftUiApp.swift */; };
		3C198D4429239A9700FBC5BF /* Assets.xcassets in Resources */ = {isa = PBXBuildFile; fileRef = 3C198D4329239A9700FBC5BF /* Assets.xcassets */; };
		3C198D4729239A9700FBC5BF /* Preview Assets.xcassets in Resources */ = {isa = PBXBuildFile; fileRef = 3C198D4629239A9700FBC5BF /* Preview Assets.xcassets */; };
		3CA572482A43623000F3E1E9 /* LottieAimation.swift in Sources */ = {isa = PBXBuildFile; fileRef = 3CA572472A43623000F3E1E9 /* LottieAimation.swift */; };
		3CA5724B2A43629200F3E1E9 /* Lottie.swift in Sources */ = {isa = PBXBuildFile; fileRef = 3CA5724A2A43629200F3E1E9 /* Lottie.swift */; };
		3CA5724E2A43631A00F3E1E9 /* Lottie in Frameworks */ = {isa = PBXBuildFile; productRef = 3CA5724D2A43631A00F3E1E9 /* Lottie */; };
		3CA572502A43642000F3E1E9 /* guy.json in Resources */ = {isa = PBXBuildFile; fileRef = 3CA5724F2A43642000F3E1E9 /* guy.json */; };
		3CCF23FD29F9872B00074457 /* MyView.swift in Sources */ = {isa = PBXBuildFile; fileRef = 3CCF23FC29F9872B00074457 /* MyView.swift */; };
		3CCFCEB129DC1CF600AC6506 /* TextBootcamp.swift in Sources */ = {isa = PBXBuildFile; fileRef = 3CCFCEB029DC1CF600AC6506 /* TextBootcamp.swift */; };
/* End PBXBuildFile section */

/* Begin PBXFileReference section */
		3C0F4EA429F5143600E0BA27 /* Shapes.swift */ = {isa = PBXFileReference; lastKnownFileType = sourcecode.swift; path = Shapes.swift; sourceTree = "<group>"; };
		3C0F4EA629F51EC800E0BA27 /* Colors.swift */ = {isa = PBXFileReference; lastKnownFileType = sourcecode.swift; path = Colors.swift; sourceTree = "<group>"; };
		3C198D3C29239A9600FBC5BF /* MYSwiftUi.app */ = {isa = PBXFileReference; explicitFileType = wrapper.application; includeInIndex = 0; path = MYSwiftUi.app; sourceTree = BUILT_PRODUCTS_DIR; };
		3C198D3F29239A9600FBC5BF /* MYSwiftUiApp.swift */ = {isa = PBXFileReference; lastKnownFileType = sourcecode.swift; path = MYSwiftUiApp.swift; sourceTree = "<group>"; };
		3C198D4329239A9700FBC5BF /* Assets.xcassets */ = {isa = PBXFileReference; lastKnownFileType = folder.assetcatalog; path = Assets.xcassets; sourceTree = "<group>"; };
		3C198D4629239A9700FBC5BF /* Preview Assets.xcassets */ = {isa = PBXFileReference; lastKnownFileType = folder.assetcatalog; path = "Preview Assets.xcassets"; sourceTree = "<group>"; };
		3CA572472A43623000F3E1E9 /* LottieAimation.swift */ = {isa = PBXFileReference; lastKnownFileType = sourcecode.swift; path = LottieAimation.swift; sourceTree = "<group>"; };
		3CA5724A2A43629200F3E1E9 /* Lottie.swift */ = {isa = PBXFileReference; lastKnownFileType = sourcecode.swift; path = Lottie.swift; sourceTree = "<group>"; };
		3CA5724F2A43642000F3E1E9 /* guy.json */ = {isa = PBXFileReference; fileEncoding = 4; lastKnownFileType = text.json; name = guy.json; path = ../../../../Downloads/guy.json; sourceTree = "<group>"; };
		3CCF23FC29F9872B00074457 /* MyView.swift */ = {isa = PBXFileReference; lastKnownFileType = sourcecode.swift; path = MyView.swift; sourceTree = "<group>"; };
		3CCFCEB029DC1CF600AC6506 /* TextBootcamp.swift */ = {isa = PBXFileReference; lastKnownFileType = sourcecode.swift; path = TextBootcamp.swift; sourceTree = "<group>"; };
/* End PBXFileReference section */

/* Begin PBXFrameworksBuildPhase section */
		3C198D3929239A9600FBC5BF /* Frameworks */ = {
			isa = PBXFrameworksBuildPhase;
			buildActionMask = 2147483647;
			files = (
				3CA5724E2A43631A00F3E1E9 /* Lottie in Frameworks */,
			);
			runOnlyForDeploymentPostprocessing = 0;
		};
/* End PBXFrameworksBuildPhase section */

/* Begin PBXGroup section */
		3C198D3329239A9600FBC5BF = {
			isa = PBXGroup;
			children = (
				3C198D3E29239A9600FBC5BF /* MYSwiftUi */,
				3C198D3D29239A9600FBC5BF /* Products */,
			);
			sourceTree = "<group>";
		};
		3C198D3D29239A9600FBC5BF /* Products */ = {
			isa = PBXGroup;
			children = (
				3C198D3C29239A9600FBC5BF /* MYSwiftUi.app */,
			);
			name = Products;
			sourceTree = "<group>";
		};
		3C198D3E29239A9600FBC5BF /* MYSwiftUi */ = {
			isa = PBXGroup;
			children = (
				3C198D3F29239A9600FBC5BF /* MYSwiftUiApp.swift */,
				3CCFCEB029DC1CF600AC6506 /* TextBootcamp.swift */,
				3CA572492A43627500F3E1E9 /* jsons */,
				3C0F4EA429F5143600E0BA27 /* Shapes.swift */,
				3CA5724A2A43629200F3E1E9 /* Lottie.swift */,
				3C0F4EA629F51EC800E0BA27 /* Colors.swift */,
				3CCF23FC29F9872B00074457 /* MyView.swift */,
				3C198D4329239A9700FBC5BF /* Assets.xcassets */,
				3C198D4529239A9700FBC5BF /* Preview Content */,
			);
			path = MYSwiftUi;
			sourceTree = "<group>";
		};
		3C198D4529239A9700FBC5BF /* Preview Content */ = {
			isa = PBXGroup;
			children = (
				3C198D4629239A9700FBC5BF /* Preview Assets.xcassets */,
			);
			path = "Preview Content";
			sourceTree = "<group>";
		};
		3CA572492A43627500F3E1E9 /* jsons */ = {
			isa = PBXGroup;
			children = (
				3CA5724F2A43642000F3E1E9 /* guy.json */,
				3CA572472A43623000F3E1E9 /* LottieAimation.swift */,
			);
			path = jsons;
			sourceTree = "<group>";
		};
/* End PBXGroup section */

/* Begin PBXNativeTarget section */
		3C198D3B29239A9600FBC5BF /* MYSwiftUi */ = {
			isa = PBXNativeTarget;
			buildConfigurationList = 3C198D4A29239A9700FBC5BF /* Build configuration list for PBXNativeTarget "MYSwiftUi" */;
			buildPhases = (
				3C198D3829239A9600FBC5BF /* Sources */,
				3C198D3929239A9600FBC5BF /* Frameworks */,
				3C198D3A29239A9600FBC5BF /* Resources */,
			);
			buildRules = (
			);
			dependencies = (
			);
			name = MYSwiftUi;
			packageProductDependencies = (
				3CA5724D2A43631A00F3E1E9 /* Lottie */,
			);
			productName = MYSwiftUi;
			productReference = 3C198D3C29239A9600FBC5BF /* MYSwiftUi.app */;
			productType = "com.apple.product-type.application";
		};
/* End PBXNativeTarget section */

/* Begin PBXProject section */
		3C198D3429239A9600FBC5BF /* Project object */ = {
			isa = PBXProject;
			attributes = {
				BuildIndependentTargetsInParallel = 1;
				LastSwiftUpdateCheck = 1410;
				LastUpgradeCheck = 1410;
				TargetAttributes = {
					3C198D3B29239A9600FBC5BF = {
						CreatedOnToolsVersion = 14.1;
					};
				};
			};
			buildConfigurationList = 3C198D3729239A9600FBC5BF /* Build configuration list for PBXProject "MYSwiftUi" */;
			compatibilityVersion = "Xcode 14.0";
			developmentRegion = en;
			hasScannedForEncodings = 0;
			knownRegions = (
				en,
				Base,
			);
			mainGroup = 3C198D3329239A9600FBC5BF;
			packageReferences = (
				3CA5724C2A43631A00F3E1E9 /* XCRemoteSwiftPackageReference "lottie-ios" */,
			);
			productRefGroup = 3C198D3D29239A9600FBC5BF /* Products */;
			projectDirPath = "";
			projectRoot = "";
			targets = (
				3C198D3B29239A9600FBC5BF /* MYSwiftUi */,
			);
		};
/* End PBXProject section */

/* Begin PBXResourcesBuildPhase section */
		3C198D3A29239A9600FBC5BF /* Resources */ = {
			isa = PBXResourcesBuildPhase;
			buildActionMask = 2147483647;
			files = (
				3C198D4729239A9700FBC5BF /* Preview Assets.xcassets in Resources */,
				3C198D4429239A9700FBC5BF /* Assets.xcassets in Resources */,
				3CA572502A43642000F3E1E9 /* guy.json in Resources */,
			);
			runOnlyForDeploymentPostprocessing = 0;
		};
/* End PBXResourcesBuildPhase section */

/* Begin PBXSourcesBuildPhase section */
		3C198D3829239A9600FBC5BF /* Sources */ = {
			isa = PBXSourcesBuildPhase;
			buildActionMask = 2147483647;
			files = (
				3CCFCEB129DC1CF600AC6506 /* TextBootcamp.swift in Sources */,
				3C0F4EA729F51EC800E0BA27 /* Colors.swift in Sources */,
				3CCF23FD29F9872B00074457 /* MyView.swift in Sources */,
				3C198D4029239A9600FBC5BF /* MYSwiftUiApp.swift in Sources */,
				3CA572482A43623000F3E1E9 /* LottieAimation.swift in Sources */,
				3CA5724B2A43629200F3E1E9 /* Lottie.swift in Sources */,
				3C0F4EA529F5143600E0BA27 /* Shapes.swift in Sources */,
			);
			runOnlyForDeploymentPostprocessing = 0;
		};
/* End PBXSourcesBuildPhase section */

/* Begin XCBuildConfiguration section */
		3C198D4829239A9700FBC5BF /* Debug */ = {
			isa = XCBuildConfiguration;
			buildSettings = {
				ALWAYS_SEARCH_USER_PATHS = NO;
				CLANG_ANALYZER_NONNULL = YES;
				CLANG_ANALYZER_NUMBER_OBJECT_CONVERSION = YES_AGGRESSIVE;
				CLANG_CXX_LANGUAGE_STANDARD = "gnu++20";
				CLANG_ENABLE_MODULES = YES;
				CLANG_ENABLE_OBJC_ARC = YES;
				CLANG_ENABLE_OBJC_WEAK = YES;
				CLANG_WARN_BLOCK_CAPTURE_AUTORELEASING = YES;
				CLANG_WARN_BOOL_CONVERSION = YES;
				CLANG_WARN_COMMA = YES;
				CLANG_WARN_CONSTANT_CONVERSION = YES;
				CLANG_WARN_DEPRECATED_OBJC_IMPLEMENTATIONS = YES;
				CLANG_WARN_DIRECT_OBJC_ISA_USAGE = YES_ERROR;
				CLANG_WARN_DOCUMENTATION_COMMENTS = YES;
				CLANG_WARN_EMPTY_BODY = YES;
				CLANG_WARN_ENUM_CONVERSION = YES;
				CLANG_WARN_INFINITE_RECURSION = YES;
				CLANG_WARN_INT_CONVERSION = YES;
				CLANG_WARN_NON_LITERAL_NULL_CONVERSION = YES;
				CLANG_WARN_OBJC_IMPLICIT_RETAIN_SELF = YES;
				CLANG_WARN_OBJC_LITERAL_CONVERSION = YES;
				CLANG_WARN_OBJC_ROOT_CLASS = YES_ERROR;
				CLANG_WARN_QUOTED_INCLUDE_IN_FRAMEWORK_HEADER = YES;
				CLANG_WARN_RANGE_LOOP_ANALYSIS = YES;
				CLANG_WARN_STRICT_PROTOTYPES = YES;
				CLANG_WARN_SUSPICIOUS_MOVE = YES;
				CLANG_WARN_UNGUARDED_AVAILABILITY = YES_AGGRESSIVE;
				CLANG_WARN_UNREACHABLE_CODE = YES;
				CLANG_WARN__DUPLICATE_METHOD_MATCH = YES;
				COPY_PHASE_STRIP = NO;
				DEBUG_INFORMATION_FORMAT = dwarf;
				ENABLE_STRICT_OBJC_MSGSEND = YES;
				ENABLE_TESTABILITY = YES;
				GCC_C_LANGUAGE_STANDARD = gnu11;
				GCC_DYNAMIC_NO_PIC = NO;
				GCC_NO_COMMON_BLOCKS = YES;
				GCC_OPTIMIZATION_LEVEL = 0;
				GCC_PREPROCESSOR_DEFINITIONS = (
					"DEBUG=1",
					"$(inherited)",
				);
				GCC_WARN_64_TO_32_BIT_CONVERSION = YES;
				GCC_WARN_ABOUT_RETURN_TYPE = YES_ERROR;
				GCC_WARN_UNDECLARED_SELECTOR = YES;
				GCC_WARN_UNINITIALIZED_AUTOS = YES_AGGRESSIVE;
				GCC_WARN_UNUSED_FUNCTION = YES;
				GCC_WARN_UNUSED_VARIABLE = YES;
				IPHONEOS_DEPLOYMENT_TARGET = 16.1;
				MTL_ENABLE_DEBUG_INFO = INCLUDE_SOURCE;
				MTL_FAST_MATH = YES;
				ONLY_ACTIVE_ARCH = YES;
				SDKROOT = iphoneos;
				SWIFT_ACTIVE_COMPILATION_CONDITIONS = DEBUG;
				SWIFT_OPTIMIZATION_LEVEL = "-Onone";
			};
			name = Debug;
		};
		3C198D4929239A9700FBC5BF /* Release */ = {
			isa = XCBuildConfiguration;
			buildSettings = {
				ALWAYS_SEARCH_USER_PATHS = NO;
				CLANG_ANALYZER_NONNULL = YES;
				CLANG_ANALYZER_NUMBER_OBJECT_CONVERSION = YES_AGGRESSIVE;
				CLANG_CXX_LANGUAGE_STANDARD = "gnu++20";
				CLANG_ENABLE_MODULES = YES;
				CLANG_ENABLE_OBJC_ARC = YES;
				CLANG_ENABLE_OBJC_WEAK = YES;
				CLANG_WARN_BLOCK_CAPTURE_AUTORELEASING = YES;
				CLANG_WARN_BOOL_CONVERSION = YES;
				CLANG_WARN_COMMA = YES;
				CLANG_WARN_CONSTANT_CONVERSION = YES;
				CLANG_WARN_DEPRECATED_OBJC_IMPLEMENTATIONS = YES;
				CLANG_WARN_DIRECT_OBJC_ISA_USAGE = YES_ERROR;
				CLANG_WARN_DOCUMENTATION_COMMENTS = YES;
				CLANG_WARN_EMPTY_BODY = YES;
				CLANG_WARN_ENUM_CONVERSION = YES;
				CLANG_WARN_INFINITE_RECURSION = YES;
				CLANG_WARN_INT_CONVERSION = YES;
				CLANG_WARN_NON_LITERAL_NULL_CONVERSION = YES;
				CLANG_WARN_OBJC_IMPLICIT_RETAIN_SELF = YES;
				CLANG_WARN_OBJC_LITERAL_CONVERSION = YES;
				CLANG_WARN_OBJC_ROOT_CLASS = YES_ERROR;
				CLANG_WARN_QUOTED_INCLUDE_IN_FRAMEWORK_HEADER = YES;
				CLANG_WARN_RANGE_LOOP_ANALYSIS = YES;
				CLANG_WARN_STRICT_PROTOTYPES = YES;
				CLANG_WARN_SUSPICIOUS_MOVE = YES;
				CLANG_WARN_UNGUARDED_AVAILABILITY = YES_AGGRESSIVE;
				CLANG_WARN_UNREACHABLE_CODE = YES;
				CLANG_WARN__DUPLICATE_METHOD_MATCH = YES;
				COPY_PHASE_STRIP = NO;
				DEBUG_INFORMATION_FORMAT = "dwarf-with-dsym";
				ENABLE_NS_ASSERTIONS = NO;
				ENABLE_STRICT_OBJC_MSGSEND = YES;
				GCC_C_LANGUAGE_STANDARD = gnu11;
				GCC_NO_COMMON_BLOCKS = YES;
				GCC_WARN_64_TO_32_BIT_CONVERSION = YES;
				GCC_WARN_ABOUT_RETURN_TYPE = YES_ERROR;
				GCC_WARN_UNDECLARED_SELECTOR = YES;
				GCC_WARN_UNINITIALIZED_AUTOS = YES_AGGRESSIVE;
				GCC_WARN_UNUSED_FUNCTION = YES;
				GCC_WARN_UNUSED_VARIABLE = YES;
				IPHONEOS_DEPLOYMENT_TARGET = 16.1;
				MTL_ENABLE_DEBUG_INFO = NO;
				MTL_FAST_MATH = YES;
				SDKROOT = iphoneos;
				SWIFT_COMPILATION_MODE = wholemodule;
				SWIFT_OPTIMIZATION_LEVEL = "-O";
				VALIDATE_PRODUCT = YES;
			};
			name = Release;
		};
		3C198D4B29239A9700FBC5BF /* Debug */ = {
			isa = XCBuildConfiguration;
			buildSettings = {
				ASSETCATALOG_COMPILER_APPICON_NAME = AppIcon;
				ASSETCATALOG_COMPILER_GLOBAL_ACCENT_COLOR_NAME = AccentColor;
				CODE_SIGN_STYLE = Automatic;
				CURRENT_PROJECT_VERSION = 1;
				DEVELOPMENT_ASSET_PATHS = "\"MYSwiftUi/Preview Content\"";
				ENABLE_PREVIEWS = YES;
				GENERATE_INFOPLIST_FILE = YES;
				INFOPLIST_KEY_UIApplicationSceneManifest_Generation = YES;
				INFOPLIST_KEY_UIApplicationSupportsIndirectInputEvents = YES;
				INFOPLIST_KEY_UILaunchScreen_Generation = YES;
				INFOPLIST_KEY_UISupportedInterfaceOrientations_iPad = "UIInterfaceOrientationPortrait UIInterfaceOrientationPortraitUpsideDown UIInterfaceOrientationLandscapeLeft UIInterfaceOrientationLandscapeRight";
				INFOPLIST_KEY_UISupportedInterfaceOrientations_iPhone = "UIInterfaceOrientationPortrait UIInterfaceOrientationLandscapeLeft UIInterfaceOrientationLandscapeRight";
				LD_RUNPATH_SEARCH_PATHS = (
					"$(inherited)",
					"@executable_path/Frameworks",
				);
				MARKETING_VERSION = 1.0;
				PRODUCT_BUNDLE_IDENTIFIER = akramjon.MYSwiftUi;
				PRODUCT_NAME = "$(TARGET_NAME)";
				SWIFT_EMIT_LOC_STRINGS = YES;
				SWIFT_VERSION = 5.0;
				TARGETED_DEVICE_FAMILY = "1,2";
			};
			name = Debug;
		};
		3C198D4C29239A9700FBC5BF /* Release */ = {
			isa = XCBuildConfiguration;
			buildSettings = {
				ASSETCATALOG_COMPILER_APPICON_NAME = AppIcon;
				ASSETCATALOG_COMPILER_GLOBAL_ACCENT_COLOR_NAME = AccentColor;
				CODE_SIGN_STYLE = Automatic;
				CURRENT_PROJECT_VERSION = 1;
				DEVELOPMENT_ASSET_PATHS = "\"MYSwiftUi/Preview Content\"";
				ENABLE_PREVIEWS = YES;
				GENERATE_INFOPLIST_FILE = YES;
				INFOPLIST_KEY_UIApplicationSceneManifest_Generation = YES;
				INFOPLIST_KEY_UIApplicationSupportsIndirectInputEvents = YES;
				INFOPLIST_KEY_UILaunchScreen_Generation = YES;
				INFOPLIST_KEY_UISupportedInterfaceOrientations_iPad = "UIInterfaceOrientationPortrait UIInterfaceOrientationPortraitUpsideDown UIInterfaceOrientationLandscapeLeft UIInterfaceOrientationLandscapeRight";
				INFOPLIST_KEY_UISupportedInterfaceOrientations_iPhone = "UIInterfaceOrientationPortrait UIInterfaceOrientationLandscapeLeft UIInterfaceOrientationLandscapeRight";
				LD_RUNPATH_SEARCH_PATHS = (
					"$(inherited)",
					"@executable_path/Frameworks",
				);
				MARKETING_VERSION = 1.0;
				PRODUCT_BUNDLE_IDENTIFIER = akramjon.MYSwiftUi;
				PRODUCT_NAME = "$(TARGET_NAME)";
				SWIFT_EMIT_LOC_STRINGS = YES;
				SWIFT_VERSION = 5.0;
				TARGETED_DEVICE_FAMILY = "1,2";
			};
			name = Release;
		};
/* End XCBuildConfiguration section */

/* Begin XCConfigurationList section */
		3C198D3729239A9600FBC5BF /* Build configuration list for PBXProject "MYSwiftUi" */ = {
			isa = XCConfigurationList;
			buildConfigurations = (
				3C198D4829239A9700FBC5BF /* Debug */,
				3C198D4929239A9700FBC5BF /* Release */,
			);
			defaultConfigurationIsVisible = 0;
			defaultConfigurationName = Release;
		};
		3C198D4A29239A9700FBC5BF /* Build configuration list for PBXNativeTarget "MYSwiftUi" */ = {
			isa = XCConfigurationList;
			buildConfigurations = (
				3C198D4B29239A9700FBC5BF /* Debug */,
				3C198D4C29239A9700FBC5BF /* Release */,
			);
			defaultConfigurationIsVisible = 0;
			defaultConfigurationName = Release;
		};
/* End XCConfigurationList section */

/* Begin XCRemoteSwiftPackageReference section */
		3CA5724C2A43631A00F3E1E9 /* XCRemoteSwiftPackageReference "lottie-ios" */ = {
			isa = XCRemoteSwiftPackageReference;
			repositoryURL = "https://github.com/airbnb/lottie-ios.git";
			requirement = {
				kind = upToNextMajorVersion;
				minimumVersion = 4.0.0;
			};
		};
/* End XCRemoteSwiftPackageReference section */

/* Begin XCSwiftPackageProductDependency section */
		3CA5724D2A43631A00F3E1E9 /* Lottie */ = {
			isa = XCSwiftPackageProductDependency;
			package = 3CA5724C2A43631A00F3E1E9 /* XCRemoteSwiftPackageReference "lottie-ios" */;
			productName = Lottie;
		};
/* End XCSwiftPackageProductDependency section */
	};
	rootObject = 3C198D3429239A9600FBC5BF /* Project object */;
}
